<?xml version="1.0" encoding="UTF-8"?>
<!DOCTYPE plist PUBLIC "-//Apple//DTD PLIST 1.0//EN" "http://www.apple.com/DTDs/PropertyList-1.0.dtd">
<plist version="1.0">
<dict>
	<key>archiveVersion</key>
	<string>1</string>
	<key>classes</key>
	<dict/>
	<key>objectVersion</key>
	<string>56</string>
	<key>objects</key>
	<dict>
		<key>0189424A5A60FED329FA868E</key>
		<dict>
			<key>buildActionMask</key>
			<integer>2147483647</integer>
			<key>files</key>
			<array>
				<string>453924BD81A2F3A51A943C3A</string>
				<string>322A22CE6DEC76B8DC99ED1F</string>
			</array>
			<key>isa</key>
			<string>PBXResourcesBuildPhase</string>
			<key>runOnlyForDeploymentPostprocessing</key>
			<integer>0</integer>
		</dict>
		<key>0282E93B0944EC9377A12EDF</key>
		<dict>
			<key>isa</key>
			<string>PBXFileReference</string>
			<key>lastKnownFileType</key>
			<string>sourcecode.swift</string>
			<key>path</key>
			<string>../Shared/CallSession.swift</string>
			<key>sourceTree</key>
			<string>&lt;group&gt;</string>
		</dict>
		<key>0E8A3AD980EC179856012B7E</key>
		<dict>
			<key>buildConfigurationList</key>
			<string>651ECA092BE81738918D8CDB</string>
			<key>buildPhases</key>
			<array>
				<string>BCE16DD0260827ECF338C787</string>
				<string>7561BFB015D8F536760CB671</string>
				<string>0189424A5A60FED329FA868E</string>
				<string>C7777CA4F96C025BE199DA4C</string>
			</array>
			<key>buildRules</key>
			<array/>
			<key>dependencies</key>
			<array/>
			<key>isa</key>
			<string>PBXNativeTarget</string>
			<key>name</key>
			<string>FonooMac</string>
			<key>packageProductDependencies</key>
			<array>
				<string>4550252E496883E654EB6653</string>
			</array>
			<key>productName</key>
			<string>fonoo</string>
			<key>productReference</key>
			<string>38A007151ABE87CC01A5B6E9</string>
			<key>productType</key>
			<string>com.apple.product-type.application</string>
		</dict>
		<key>15367D5846A3A3F85574476E</key>
		<dict>
			<key>fileRef</key>
			<string>D626BAFC29F4ABA3EA7610B5</string>
			<key>isa</key>
			<string>PBXBuildFile</string>
		</dict>
		<key>159ABB4BFF4917B97045ED89</key>
		<dict>
			<key>isa</key>
			<string>PBXFileReference</string>
			<key>lastKnownFileType</key>
			<string>sourcecode.swift</string>
			<key>path</key>
			<string>FonooMac/MacCallActivity.swift</string>
			<key>sourceTree</key>
			<string>&lt;group&gt;</string>
		</dict>
		<key>19BBDDC9C38B9DA92EC89819</key>
		<dict>
			<key>fileRef</key>
			<string>BE52AC9FA826EFF75ED8964B</string>
			<key>isa</key>
			<string>PBXBuildFile</string>
		</dict>
		<key>1B91BA6F68810BD01A3417A5</key>
		<dict>
			<key>fileRef</key>
			<string>DBB9AF09ED3761E984925738</string>
			<key>isa</key>
			<string>PBXBuildFile</string>
		</dict>
		<key>27AD4E275CBF43AA2FFF89AB</key>
		<dict>
			<key>isa</key>
			<string>PBXFileReference</string>
			<key>lastKnownFileType</key>
			<string>sourcecode.swift</string>
			<key>path</key>
			<string>../Shared/LinphoneSIPCore.swift</string>
			<key>sourceTree</key>
			<string>&lt;group&gt;</string>
		</dict>
		<key>2C7FE779BF7EAAF54B7788C3</key>
		<dict>
			<key>isa</key>
			<string>PBXFileReference</string>
			<key>lastKnownFileType</key>
			<string>sourcecode.swift</string>
			<key>path</key>
			<string>../Shared/CallManager.swift</string>
			<key>sourceTree</key>
			<string>&lt;group&gt;</string>
		</dict>
		<key>2FE614174ECD59820F296E3D</key>
		<dict>
			<key>fileRef</key>
			<string>FD7BEA5A25BC5AD57200C12A</string>
			<key>isa</key>
			<string>PBXBuildFile</string>
		</dict>
		<key>31136D52809669B34F203432</key>
		<dict>
			<key>isa</key>
			<string>PBXFileReference</string>
			<key>lastKnownFileType</key>
			<string>text.xml</string>
			<key>path</key>
			<string>../Shared/PrivacyInfo.xcprivacy</string>
			<key>sourceTree</key>
			<string>&lt;group&gt;</string>
		</dict>
		<key>3205A2AF0B23AE19D216DB1B</key>
		<dict>
			<key>fileRef</key>
			<string>2C7FE779BF7EAAF54B7788C3</string>
			<key>isa</key>
			<string>PBXBuildFile</string>
		</dict>
		<key>322A22CE6DEC76B8DC99ED1F</key>
		<dict>
			<key>fileRef</key>
			<string>31136D52809669B34F203432</string>
			<key>isa</key>
			<string>PBXBuildFile</string>
		</dict>
		<key>38A007151ABE87CC01A5B6E9</key>
		<dict>
			<key>explicitFileType</key>
			<string>wrapper.application</string>
			<key>includeInIndex</key>
			<integer>0</integer>
			<key>isa</key>
			<string>PBXFileReference</string>
			<key>path</key>
			<string>fonoo.app</string>
			<key>sourceTree</key>
			<string>BUILT_PRODUCTS_DIR</string>
		</dict>
		<key>3A94BB07224E6FBA2B7113D3</key>
		<dict>
			<key>isa</key>
			<string>PBXFileReference</string>
			<key>lastKnownFileType</key>
			<string>folder.assetcatalog</string>
			<key>path</key>
			<string>FonooMac/Assets.xcassets</string>
			<key>sourceTree</key>
			<string>&lt;group&gt;</string>
		</dict>
		<key>3F502EB52485FF032E8C0F74</key>
		<dict>
			<key>isa</key>
			<string>PBXFileReference</string>
			<key>lastKnownFileType</key>
			<string>sourcecode.swift</string>
			<key>path</key>
			<string>../Shared/Diagnostics.swift</string>
			<key>sourceTree</key>
			<string>&lt;group&gt;</string>
		</dict>
		<key>453924BD81A2F3A51A943C3A</key>
		<dict>
			<key>fileRef</key>
			<string>3A94BB07224E6FBA2B7113D3</string>
			<key>isa</key>
			<string>PBXBuildFile</string>
		</dict>
		<key>4550252E496883E654EB6653</key>
		<dict>
			<key>isa</key>
			<string>XCSwiftPackageProductDependency</string>
			<key>package</key>
			<string>5A374DCD2E5EB762B527AF3A</string>
			<key>productName</key>
			<string>linphonesw</string>
		</dict>
		<key>4C28CD751C987C675FA218D2</key>
		<dict>
			<key>fileRef</key>
			<string>3F502EB52485FF032E8C0F74</string>
			<key>isa</key>
			<string>PBXBuildFile</string>
		</dict>
		<key>5283471FF90C511CFE244FFF</key>
		<dict>
			<key>buildSettings</key>
			<dict>
				<key>CLANG_ENABLE_MODULES</key>
				<string>YES</string>
				<key>CLANG_ENABLE_OBJC_ARC</key>
				<string>YES</string>
				<key>DEBUG_INFORMATION_FORMAT</key>
				<string>dwarf-with-dsym</string>
				<key>SWIFT_VERSION</key>
				<string>5.0</string>
			</dict>
			<key>isa</key>
			<string>XCBuildConfiguration</string>
			<key>name</key>
			<string>Release</string>
		</dict>
		<key>53C504B1EB1D21FA106FA3D3</key>
		<dict>
			<key>isa</key>
			<string>PBXFileReference</string>
			<key>lastKnownFileType</key>
			<string>sourcecode.swift</string>
			<key>path</key>
			<string>../Shared/ContactsDirectory.swift</string>
			<key>sourceTree</key>
			<string>&lt;group&gt;</string>
		</dict>
		<key>59E1BEE911F66DA37FEBACDC</key>
		<dict>
			<key>buildSettings</key>
			<dict>
				<key>ASSETCATALOG_COMPILER_APPICON_NAME</key>
				<string>AppIcon</string>
				<key>CODE_SIGN_ENTITLEMENTS</key>
				<string>FonooMac/FonooMac.entitlements</string>
				<key>CODE_SIGN_STYLE</key>
				<string>Automatic</string>
				<key>COMBINE_HIDPI_IMAGES</key>
				<string>YES</string>
				<key>CURRENT_PROJECT_VERSION</key>
				<string>26</string>
				<key>DEVELOPMENT_TEAM</key>
				<string>T8KX8P7FUS</string>
				<key>ENABLE_APP_SANDBOX</key>
				<string>YES</string>
				<key>ENABLE_HARDENED_RUNTIME</key>
				<string>YES</string>
				<key>GENERATE_INFOPLIST_FILE</key>
				<string>NO</string>
				<key>INFOPLIST_FILE</key>
				<string>FonooMac/Info.plist</string>
				<key>LD_RUNPATH_SEARCH_PATHS</key>
				<array>
					<string>$(inherited)</string>
					<string>@executable_path/../Frameworks</string>
				</array>
				<key>MACOSX_DEPLOYMENT_TARGET</key>
				<string>14.0</string>
				<key>MARKETING_VERSION</key>
				<string>0.1.0</string>
				<key>ONLY_ACTIVE_ARCH</key>
				<string>YES</string>
				<key>PRODUCT_BUNDLE_IDENTIFIER</key>
				<string>app.fonoo.macos</string>
				<key>PRODUCT_NAME</key>
				<string>fonoo</string>
				<key>SDKROOT</key>
				<string>macosx</string>
				<key>SUPPORTED_PLATFORMS</key>
				<string>macosx</string>
				<key>SWIFT_ACTIVE_COMPILATION_CONDITIONS</key>
				<string>DEBUG</string>
				<key>SWIFT_OPTIMIZATION_LEVEL</key>
				<string>-Onone</string>
				<key>SWIFT_VERSION</key>
				<string>5.0</string>
			</dict>
			<key>isa</key>
			<string>XCBuildConfiguration</string>
			<key>name</key>
			<string>Debug</string>
		</dict>
		<key>5A374DCD2E5EB762B527AF3A</key>
		<dict>
			<key>isa</key>
			<string>XCRemoteSwiftPackageReference</string>
			<key>repositoryURL</key>
			<string>https://gitlab.linphone.org/BC/public/linphone-sdk-swift-macos.git</string>
			<key>requirement</key>
			<dict>
				<key>kind</key>
				<string>exactVersion</string>
				<key>version</key>
				<string>5.5.23</string>
			</dict>
		</dict>
		<key>5D4BA0E51B4041602C368765</key>
		<dict>
			<key>isa</key>
			<string>PBXFileReference</string>
			<key>lastKnownFileType</key>
			<string>sourcecode.swift</string>
			<key>path</key>
			<string>../Shared/SIPCore.swift</string>
			<key>sourceTree</key>
			<string>&lt;group&gt;</string>
		</dict>
		<key>5D78B9208F32C464987856E1</key>
		<dict>
			<key>isa</key>
			<string>PBXFileReference</string>
			<key>lastKnownFileType</key>
			<string>sourcecode.swift</string>
			<key>path</key>
			<string>FonooMac/MacViews.swift</string>
			<key>sourceTree</key>
			<string>&lt;group&gt;</string>
		</dict>
		<key>651ECA092BE81738918D8CDB</key>
		<dict>
			<key>buildConfigurations</key>
			<array>
				<string>59E1BEE911F66DA37FEBACDC</string>
				<string>F4C425279CD5DDD18FD6DC6D</string>
			</array>
			<key>defaultConfigurationIsVisible</key>
			<integer>0</integer>
			<key>defaultConfigurationName</key>
			<string>Release</string>
			<key>isa</key>
			<string>XCConfigurationList</string>
		</dict>
		<key>70AF62A8B14531D4AAD030C0</key>
		<dict>
			<key>fileRef</key>
			<string>27AD4E275CBF43AA2FFF89AB</string>
			<key>isa</key>
			<string>PBXBuildFile</string>
		</dict>
		<key>7303EE4312E7F4C59EE9C10A</key>
		<dict>
			<key>fileRef</key>
			<string>C5464A0487717119F6DC8C34</string>
			<key>isa</key>
			<string>PBXBuildFile</string>
		</dict>
		<key>7561BFB015D8F536760CB671</key>
		<dict>
			<key>buildActionMask</key>
			<integer>2147483647</integer>
			<key>files</key>
			<array>
				<string>AF1F1D46639E68A0C4431C45</string>
			</array>
			<key>isa</key>
			<string>PBXFrameworksBuildPhase</string>
			<key>runOnlyForDeploymentPostprocessing</key>
			<integer>0</integer>
		</dict>
		<key>839FDDFE3FAA14ECD9A9AFA2</key>
		<dict>
			<key>fileRef</key>
			<string>5D4BA0E51B4041602C368765</string>
			<key>isa</key>
			<string>PBXBuildFile</string>
		</dict>
		<key>84BB4EAB3377B69B7E2BC9E8</key>
		<dict>
			<key>fileRef</key>
			<string>159ABB4BFF4917B97045ED89</string>
			<key>isa</key>
			<string>PBXBuildFile</string>
		</dict>
		<key>8FA9C87F1749AE15770C21B1</key>
		<dict>
			<key>fileRef</key>
			<string>AA0845E84C3D3E9E4CF78B6F</string>
			<key>isa</key>
			<string>PBXBuildFile</string>
		</dict>
		<key>9673147E2834E483A18CD0F2</key>
		<dict>
			<key>fileRef</key>
			<string>D3D854B516D369C476A80401</string>
			<key>isa</key>
			<string>PBXBuildFile</string>
		</dict>
		<key>98F54143AB4E86B28C3AFEE0</key>
		<dict>
			<key>attributes</key>
			<dict>
				<key>BuildIndependentTargetsInParallel</key>
				<string>YES</string>
				<key>LastUpgradeCheck</key>
				<string>2700</string>
				<key>TargetAttributes</key>
				<dict>
					<key>0E8A3AD980EC179856012B7E</key>
					<dict>
						<key>CreatedOnToolsVersion</key>
						<string>27.0</string>
						<key>ProvisioningStyle</key>
						<string>Automatic</string>
					</dict>
				</dict>
			</dict>
			<key>buildConfigurationList</key>
			<string>F8C70E4123C9AE82C42562CC</string>
			<key>compatibilityVersion</key>
			<string>Xcode 14.0</string>
			<key>developmentRegion</key>
			<string>de</string>
			<key>hasScannedForEncodings</key>
			<integer>0</integer>
			<key>isa</key>
			<string>PBXProject</string>
			<key>knownRegions</key>
			<array>
				<string>de</string>
				<string>en</string>
				<string>Base</string>
			</array>
			<key>mainGroup</key>
			<string>B28B7AF69320201D1CF206EB</string>
			<key>packageReferences</key>
			<array>
				<string>5A374DCD2E5EB762B527AF3A</string>
			</array>
			<key>productRefGroup</key>
			<string>FBDC4F23F93125BBEEAE800C</string>
			<key>projectDirPath</key>
			<string></string>
			<key>projectRoot</key>
			<string></string>
			<key>targets</key>
			<array>
				<string>0E8A3AD980EC179856012B7E</string>
			</array>
		</dict>
		<key>99542CCA4A1C448E632ED791</key>
		<dict>
			<key>fileRef</key>
			<string>F6253FA14AAEAB662424BFEC</string>
			<key>isa</key>
			<string>PBXBuildFile</string>
		</dict>
		<key>A3E5254A004A5709AB7CDF01</key>
		<dict>
			<key>isa</key>
			<string>PBXFileReference</string>
			<key>lastKnownFileType</key>
			<string>sourcecode.swift</string>
			<key>path</key>
			<string>FonooMac/AudioQualityChecks.swift</string>
			<key>sourceTree</key>
			<string>&lt;group&gt;</string>
		</dict>
		<key>AA0845E84C3D3E9E4CF78B6F</key>
		<dict>
			<key>isa</key>
			<string>PBXFileReference</string>
			<key>lastKnownFileType</key>
			<string>sourcecode.swift</string>
			<key>path</key>
			<string>../Shared/CustomerAccount.swift</string>
			<key>sourceTree</key>
			<string>&lt;group&gt;</string>
		</dict>
		<key>AB52CB08E0FDF02BF6C67C33</key>
		<dict>
			<key>buildSettings</key>
			<dict>
				<key>CLANG_ENABLE_MODULES</key>
				<string>YES</string>
				<key>CLANG_ENABLE_OBJC_ARC</key>
				<string>YES</string>
				<key>DEBUG_INFORMATION_FORMAT</key>
				<string>dwarf</string>
				<key>ONLY_ACTIVE_ARCH</key>
				<string>YES</string>
				<key>SWIFT_VERSION</key>
				<string>5.0</string>
			</dict>
			<key>isa</key>
			<string>XCBuildConfiguration</string>
			<key>name</key>
			<string>Debug</string>
		</dict>
		<key>AE494B480CDB51053D9F5304</key>
		<dict>
			<key>fileRef</key>
			<string>BB06D16F337B018E517C516C</string>
			<key>isa</key>
			<string>PBXBuildFile</string>
		</dict>
		<key>AF1F1D46639E68A0C4431C45</key>
		<dict>
			<key>isa</key>
			<string>PBXBuildFile</string>
			<key>productRef</key>
			<string>4550252E496883E654EB6653</string>
		</dict>
		<key>B28B7AF69320201D1CF206EB</key>
		<dict>
			<key>children</key>
			<array>
				<string>EA8B46F2CA404DB54F89EEBD</string>
				<string>5D4BA0E51B4041602C368765</string>
				<string>3F502EB52485FF032E8C0F74</string>
				<string>0282E93B0944EC9377A12EDF</string>
				<string>C5464A0487717119F6DC8C34</string>
				<string>53C504B1EB1D21FA106FA3D3</string>
				<string>F41CF87CE865D89DDCD067D6</string>
				<string>2C7FE779BF7EAAF54B7788C3</string>
				<string>FD7BEA5A25BC5AD57200C12A</string>
				<string>D3D854B516D369C476A80401</string>
				<string>DBB9AF09ED3761E984925738</string>
				<string>AA0845E84C3D3E9E4CF78B6F</string>
				<string>27AD4E275CBF43AA2FFF89AB</string>
				<string>BE52AC9FA826EFF75ED8964B</string>
				<string>D626BAFC29F4ABA3EA7610B5</string>
				<string>5D78B9208F32C464987856E1</string>
				<string>3A94BB07224E6FBA2B7113D3</string>
				<string>31136D52809669B34F203432</string>
				<string>FBDC4F23F93125BBEEAE800C</string>
				<string>A3E5254A004A5709AB7CDF01</string>
				<string>159ABB4BFF4917B97045ED89</string>
				<string>F6253FA14AAEAB662424BFEC</string>
				<string>BB06D16F337B018E517C516C</string>
				<string>6ADA772070263A4FF10E921E</string>
				<string>A09F15B65BFFA4C5858347E4</string>
				<string>CB0108FE165F9A5440A57048</string>
				<string>B9DB7DC36B5716A29E65E9C5</string>
				<string>B67890D0CBF03333DDAB4002</string>
				<string>D528EA33647C80B7DE28BDDF</string>
				<string>9C8D833AC78856189172D440</string>
				<string>81E620CE7EA3FE7555DEBFF8</string>
				<string>B94B60F2AA41C8530C01DBA5</string>
			</array>
			<key>isa</key>
			<string>PBXGroup</string>
			<key>sourceTree</key>
			<string>&lt;group&gt;</string>
		</dict>
		<key>B5C93C658B54E1F7CD5940D4</key>
		<dict>
			<key>fileRef</key>
			<string>F41CF87CE865D89DDCD067D6</string>
			<key>isa</key>
			<string>PBXBuildFile</string>
		</dict>
		<key>BB06D16F337B018E517C516C</key>
		<dict>
			<key>isa</key>
			<string>PBXFileReference</string>
			<key>lastKnownFileType</key>
			<string>sourcecode.swift</string>
			<key>path</key>
			<string>FonooMac/MacCallPreviewCore.swift</string>
			<key>sourceTree</key>
			<string>&lt;group&gt;</string>
		</dict>
		<key>BCE16DD0260827ECF338C787</key>
		<dict>
			<key>buildActionMask</key>
			<integer>2147483647</integer>
			<key>files</key>
			<array>
				<string>D30FA7083F7A8E55CC2FDAA4</string>
				<string>839FDDFE3FAA14ECD9A9AFA2</string>
				<string>4C28CD751C987C675FA218D2</string>
				<string>C1A3989CFA6758F5F5D902C6</string>
				<string>7303EE4312E7F4C59EE9C10A</string>
				<string>F7D968AF6156BA5C6E5B6F62</string>
				<string>B5C93C658B54E1F7CD5940D4</string>
				<string>3205A2AF0B23AE19D216DB1B</string>
				<string>2FE614174ECD59820F296E3D</string>
				<string>9673147E2834E483A18CD0F2</string>
				<string>1B91BA6F68810BD01A3417A5</string>
				<string>8FA9C87F1749AE15770C21B1</string>
				<string>70AF62A8B14531D4AAD030C0</string>
				<string>19BBDDC9C38B9DA92EC89819</string>
				<string>15367D5846A3A3F85574476E</string>
				<string>E7D3D3179C202A1E6570F7D0</string>
				<string>C81FA7D672414A1472571195</string>
				<string>84BB4EAB3377B69B7E2BC9E8</string>
				<string>99542CCA4A1C448E632ED791</string>
				<string>AE494B480CDB51053D9F5304</string>
				<string>F8DF2687714D273DD1D9F7DC</string>
				<string>B83F40138B6BB0CA2AF8AD3A</string>
				<string>B0D0CEE921179AE977A7968A</string>
				<string>368EA0F5BA582282350798CF</string>
				<string>63D98626548CF439268D427B</string>
				<string>245B30970225D276A6BB2C45</string>
				<string>C11B7FE7A91939B6CEA3C522</string>
				<string>86B5B1FECC7F7B4AB0B5E352</string>
				<string>4785E2B6E3C5D014842B9A97</string>
			</array>
			<key>isa</key>
			<string>PBXSourcesBuildPhase</string>
			<key>runOnlyForDeploymentPostprocessing</key>
			<integer>0</integer>
		</dict>
		<key>BE52AC9FA826EFF75ED8964B</key>
		<dict>
			<key>isa</key>
			<string>PBXFileReference</string>
			<key>lastKnownFileType</key>
			<string>sourcecode.swift</string>
			<key>path</key>
			<string>FonooMac/MacAudioManager.swift</string>
			<key>sourceTree</key>
			<string>&lt;group&gt;</string>
		</dict>
		<key>C1A3989CFA6758F5F5D902C6</key>
		<dict>
			<key>fileRef</key>
			<string>0282E93B0944EC9377A12EDF</string>
			<key>isa</key>
			<string>PBXBuildFile</string>
		</dict>
		<key>C5464A0487717119F6DC8C34</key>
		<dict>
			<key>isa</key>
			<string>PBXFileReference</string>
			<key>lastKnownFileType</key>
			<string>sourcecode.swift</string>
			<key>path</key>
			<string>../Shared/DeviceContact.swift</string>
			<key>sourceTree</key>
			<string>&lt;group&gt;</string>
		</dict>
		<key>C7777CA4F96C025BE199DA4C</key>
		<dict>
			<key>buildActionMask</key>
			<integer>2147483647</integer>
			<key>files</key>
			<array/>
			<key>inputPaths</key>
			<array>
				<string>$(SRCROOT)/embed-hidapi.sh</string>
				<string>$(SRCROOT)/Vendor/hidapi/mac/hid.c</string>
				<string>$(SRCROOT)/Vendor/hidapi/mac/hidapi_darwin.h</string>
				<string>$(SRCROOT)/Vendor/hidapi/hidapi/hidapi.h</string>
				<string>$(SRCROOT)/Vendor/hidapi/LICENSE-bsd.txt</string>
			</array>
			<key>isa</key>
			<string>PBXShellScriptBuildPhase</string>
			<key>name</key>
			<string>Build and embed HIDAPI</string>
			<key>outputPaths</key>
			<array>
				<string>$(TARGET_BUILD_DIR)/$(FRAMEWORKS_FOLDER_PATH)/libhidapi.0.dylib</string>
				<string>$(TARGET_BUILD_DIR)/$(UNLOCALIZED_RESOURCES_FOLDER_PATH)/HIDAPI-LICENSE.txt</string>
			</array>
			<key>runOnlyForDeploymentPostprocessing</key>
			<integer>0</integer>
			<key>shellPath</key>
			<string>/bin/bash</string>
			<key>shellScript</key>
			<string>"${SRCROOT}/embed-hidapi.sh"
</string>
		</dict>
		<key>C81FA7D672414A1472571195</key>
		<dict>
			<key>fileRef</key>
			<string>A3E5254A004A5709AB7CDF01</string>
			<key>isa</key>
			<string>PBXBuildFile</string>
		</dict>
		<key>D30FA7083F7A8E55CC2FDAA4</key>
		<dict>
			<key>fileRef</key>
			<string>EA8B46F2CA404DB54F89EEBD</string>
			<key>isa</key>
			<string>PBXBuildFile</string>
		</dict>
		<key>D3D854B516D369C476A80401</key>
		<dict>
			<key>isa</key>
			<string>PBXFileReference</string>
			<key>lastKnownFileType</key>
			<string>sourcecode.swift</string>
			<key>path</key>
			<string>../Shared/AccountStore.swift</string>
			<key>sourceTree</key>
			<string>&lt;group&gt;</string>
		</dict>
		<key>D626BAFC29F4ABA3EA7610B5</key>
		<dict>
			<key>isa</key>
			<string>PBXFileReference</string>
			<key>lastKnownFileType</key>
			<string>sourcecode.swift</string>
			<key>path</key>
			<string>FonooMac/FonooMacApp.swift</string>
			<key>sourceTree</key>
			<string>&lt;group&gt;</string>
		</dict>
		<key>DBB9AF09ED3761E984925738</key>
		<dict>
			<key>isa</key>
			<string>PBXFileReference</string>
			<key>lastKnownFileType</key>
			<string>sourcecode.swift</string>
			<key>path</key>
			<string>../Shared/PhoneStore.swift</string>
			<key>sourceTree</key>
			<string>&lt;group&gt;</string>
		</dict>
		<key>E7D3D3179C202A1E6570F7D0</key>
		<dict>
			<key>fileRef</key>
			<string>5D78B9208F32C464987856E1</string>
			<key>isa</key>
			<string>PBXBuildFile</string>
		</dict>
		<key>EA8B46F2CA404DB54F89EEBD</key>
		<dict>
			<key>isa</key>
			<string>PBXFileReference</string>
			<key>lastKnownFileType</key>
			<string>sourcecode.swift</string>
			<key>path</key>
			<string>../Shared/SIPAccount.swift</string>
			<key>sourceTree</key>
			<string>&lt;group&gt;</string>
		</dict>
		<key>F41CF87CE865D89DDCD067D6</key>
		<dict>
			<key>isa</key>
			<string>PBXFileReference</string>
			<key>lastKnownFileType</key>
			<string>sourcecode.swift</string>
			<key>path</key>
			<string>../Shared/IncomingCallCoordinator.swift</string>
			<key>sourceTree</key>
			<string>&lt;group&gt;</string>
		</dict>
		<key>F4C425279CD5DDD18FD6DC6D</key>
		<dict>
			<key>buildSettings</key>
			<dict>
				<key>ASSETCATALOG_COMPILER_APPICON_NAME</key>
				<string>AppIcon</string>
				<key>CODE_SIGN_ENTITLEMENTS</key>
				<string>FonooMac/FonooMac.entitlements</string>
				<key>CODE_SIGN_STYLE</key>
				<string>Automatic</string>
				<key>COMBINE_HIDPI_IMAGES</key>
				<string>YES</string>
				<key>CURRENT_PROJECT_VERSION</key>
				<string>26</string>
				<key>DEVELOPMENT_TEAM</key>
				<string>T8KX8P7FUS</string>
				<key>ENABLE_APP_SANDBOX</key>
				<string>YES</string>
				<key>ENABLE_HARDENED_RUNTIME</key>
				<string>YES</string>
				<key>GENERATE_INFOPLIST_FILE</key>
				<string>NO</string>
				<key>INFOPLIST_FILE</key>
				<string>FonooMac/Info.plist</string>
				<key>LD_RUNPATH_SEARCH_PATHS</key>
				<array>
					<string>$(inherited)</string>
					<string>@executable_path/../Frameworks</string>
				</array>
				<key>MACOSX_DEPLOYMENT_TARGET</key>
				<string>14.0</string>
				<key>MARKETING_VERSION</key>
				<string>0.1.0</string>
				<key>PRODUCT_BUNDLE_IDENTIFIER</key>
				<string>app.fonoo.macos</string>
				<key>PRODUCT_NAME</key>
				<string>fonoo</string>
				<key>SDKROOT</key>
				<string>macosx</string>
				<key>SUPPORTED_PLATFORMS</key>
				<string>macosx</string>
				<key>SWIFT_ACTIVE_COMPILATION_CONDITIONS</key>
				<string></string>
				<key>SWIFT_OPTIMIZATION_LEVEL</key>
				<string>-O</string>
				<key>SWIFT_VERSION</key>
				<string>5.0</string>
			</dict>
			<key>isa</key>
			<string>XCBuildConfiguration</string>
			<key>name</key>
			<string>Release</string>
		</dict>
		<key>F6253FA14AAEAB662424BFEC</key>
		<dict>
			<key>isa</key>
			<string>PBXFileReference</string>
			<key>lastKnownFileType</key>
			<string>sourcecode.swift</string>
			<key>path</key>
			<string>FonooMac/MacCallStatusItem.swift</string>
			<key>sourceTree</key>
			<string>&lt;group&gt;</string>
		</dict>
		<key>F7D968AF6156BA5C6E5B6F62</key>
		<dict>
			<key>fileRef</key>
			<string>53C504B1EB1D21FA106FA3D3</string>
			<key>isa</key>
			<string>PBXBuildFile</string>
		</dict>
		<key>F8C70E4123C9AE82C42562CC</key>
		<dict>
			<key>buildConfigurations</key>
			<array>
				<string>AB52CB08E0FDF02BF6C67C33</string>
				<string>5283471FF90C511CFE244FFF</string>
			</array>
			<key>defaultConfigurationIsVisible</key>
			<integer>0</integer>
			<key>defaultConfigurationName</key>
			<string>Release</string>
			<key>isa</key>
			<string>XCConfigurationList</string>
		</dict>
		<key>FBDC4F23F93125BBEEAE800C</key>
		<dict>
			<key>children</key>
			<array>
				<string>38A007151ABE87CC01A5B6E9</string>
			</array>
			<key>isa</key>
			<string>PBXGroup</string>
			<key>name</key>
			<string>Products</string>
			<key>sourceTree</key>
			<string>&lt;group&gt;</string>
		</dict>
		<key>FD7BEA5A25BC5AD57200C12A</key>
		<dict>
			<key>isa</key>
			<string>PBXFileReference</string>
			<key>lastKnownFileType</key>
			<string>sourcecode.swift</string>
			<key>path</key>
			<string>../Shared/NetworkMonitor.swift</string>
			<key>sourceTree</key>
			<string>&lt;group&gt;</string>
		</dict>
		<key>6ADA772070263A4FF10E921E</key>
		<dict>
			<key>isa</key>
			<string>PBXFileReference</string>
			<key>lastKnownFileType</key>
			<string>sourcecode.swift</string>
			<key>path</key>
			<string>../Shared/TeamMember.swift</string>
			<key>sourceTree</key>
			<string>&lt;group&gt;</string>
		</dict>
		<key>F8DF2687714D273DD1D9F7DC</key>
		<dict>
			<key>isa</key>
			<string>PBXBuildFile</string>
			<key>fileRef</key>
			<string>6ADA772070263A4FF10E921E</string>
		</dict>
		<key>A09F15B65BFFA4C5858347E4</key>
		<dict>
			<key>isa</key>
			<string>PBXFileReference</string>
			<key>lastKnownFileType</key>
			<string>sourcecode.swift</string>
			<key>path</key>
			<string>../Shared/TeamDirectory.swift</string>
			<key>sourceTree</key>
			<string>&lt;group&gt;</string>
		</dict>
		<key>B83F40138B6BB0CA2AF8AD3A</key>
		<dict>
			<key>isa</key>
			<string>PBXBuildFile</string>
			<key>fileRef</key>
			<string>A09F15B65BFFA4C5858347E4</string>
		</dict>
		<key>CB0108FE165F9A5440A57048</key>
		<dict>
			<key>isa</key>
			<string>PBXFileReference</string>
			<key>lastKnownFileType</key>
			<string>sourcecode.swift</string>
			<key>path</key>
			<string>../Shared/TeamView.swift</string>
			<key>sourceTree</key>
			<string>&lt;group&gt;</string>
		</dict>
		<key>B0D0CEE921179AE977A7968A</key>
		<dict>
			<key>isa</key>
			<string>PBXBuildFile</string>
			<key>fileRef</key>
			<string>CB0108FE165F9A5440A57048</string>
		</dict>
		<key>B9DB7DC36B5716A29E65E9C5</key>
		<dict>
			<key>isa</key>
			<string>PBXFileReference</string>
			<key>lastKnownFileType</key>
			<string>sourcecode.swift</string>
			<key>path</key>
			<string>../Shared/TeamPreview.swift</string>
			<key>sourceTree</key>
			<string>&lt;group&gt;</string>
		</dict>
		<key>368EA0F5BA582282350798CF</key>
		<dict>
			<key>isa</key>
			<string>PBXBuildFile</string>
			<key>fileRef</key>
			<string>B9DB7DC36B5716A29E65E9C5</string>
		</dict>
		<key>B67890D0CBF03333DDAB4002</key>
		<dict>
			<key>isa</key>
			<string>PBXFileReference</string>
			<key>lastKnownFileType</key>
			<string>sourcecode.swift</string>
			<key>path</key>
			<string>FonooMac/MacMiniCallWindow.swift</string>
			<key>sourceTree</key>
			<string>&lt;group&gt;</string>
		</dict>
		<key>63D98626548CF439268D427B</key>
		<dict>
			<key>isa</key>
			<string>PBXBuildFile</string>
			<key>fileRef</key>
			<string>B67890D0CBF03333DDAB4002</string>
		</dict>
		<key>D528EA33647C80B7DE28BDDF</key>
		<dict>
			<key>isa</key>
			<string>PBXFileReference</string>
			<key>lastKnownFileType</key>
			<string>sourcecode.swift</string>
			<key>path</key>
			<string>../Shared/SIPConnectionCoordinator.swift</string>
			<key>sourceTree</key>
			<string>SOURCE_ROOT</string>
		</dict>
		<key>245B30970225D276A6BB2C45</key>
		<dict>
			<key>isa</key>
			<string>PBXBuildFile</string>
			<key>fileRef</key>
			<string>D528EA33647C80B7DE28BDDF</string>
		</dict>
		<key>9C8D833AC78856189172D440</key>
		<dict>
			<key>isa</key>
			<string>PBXFileReference</string>
			<key>lastKnownFileType</key>
			<string>sourcecode.swift</string>
			<key>path</key>
			<string>../Shared/SIPConnectionStatusView.swift</string>
			<key>sourceTree</key>
			<string>SOURCE_ROOT</string>
		</dict>
		<key>C11B7FE7A91939B6CEA3C522</key>
		<dict>
			<key>isa</key>
			<string>PBXBuildFile</string>
			<key>fileRef</key>
			<string>9C8D833AC78856189172D440</string>
		</dict>
		<key>81E620CE7EA3FE7555DEBFF8</key>
		<dict>
			<key>isa</key>
			<string>PBXFileReference</string>
			<key>lastKnownFileType</key>
			<string>sourcecode.swift</string>
			<key>path</key>
			<string>FonooMac/MacDiagnosticsView.swift</string>
			<key>sourceTree</key>
			<string>SOURCE_ROOT</string>
		</dict>
		<key>86B5B1FECC7F7B4AB0B5E352</key>
		<dict>
			<key>isa</key>
			<string>PBXBuildFile</string>
			<key>fileRef</key>
			<string>81E620CE7EA3FE7555DEBFF8</string>
		</dict>
		<key>B94B60F2AA41C8530C01DBA5</key>
		<dict>
			<key>isa</key>
			<string>PBXFileReference</string>
			<key>lastKnownFileType</key>
			<string>sourcecode.swift</string>
			<key>path</key>
			<string>FonooMac/MacDialpadFeedback.swift</string>
			<key>sourceTree</key>
			<string>SOURCE_ROOT</string>
		</dict>
		<key>4785E2B6E3C5D014842B9A97</key>
		<dict>
			<key>isa</key>
			<string>PBXBuildFile</string>
			<key>fileRef</key>
			<string>B94B60F2AA41C8530C01DBA5</string>
		</dict>
	</dict>
	<key>rootObject</key>
	<string>98F54143AB4E86B28C3AFEE0</string>
</dict>
</plist>
